
Microsoft Visual Studio Solution File, Format Version 12.00
# Visual Studio Version 17
VisualStudioVersion = 17.7.34009.444
MinimumVisualStudioVersion = 10.0.40219.1
Project("{FAE04EC0-301F-11D3-BF4B-00C04F79EFBC}") = "WebApplication5", "WebApplication5.csproj", "{491472AB-4774-44EB-8B31-A55BFC3B3BF4}"
EndProject
Global
	GlobalSection(SolutionConfigurationPlatforms) = preSolution
		Debug|Any CPU = Debug|Any CPU
		Release|Any CPU = Release|Any CPU
	EndGlobalSection
	GlobalSection(ProjectConfigurationPlatforms) = postSolution
		{491472AB-4774-44EB-8B31-A55BFC3B3BF4}.Debug|Any CPU.ActiveCfg = Debug|Any CPU
		{491472AB-4774-44EB-8B31-A55BFC3B3BF4}.Debug|Any CPU.Build.0 = Debug|Any CPU
		{491472AB-4774-44EB-8B31-A55BFC3B3BF4}.Release|Any CPU.ActiveCfg = Release|Any CPU
		{491472AB-4774-44EB-8B31-A55BFC3B3BF4}.Release|Any CPU.Build.0 = Release|Any CPU
	EndGlobalSection
	GlobalSection(SolutionProperties) = preSolution
		HideSolutionNode = FALSE
	EndGlobalSection
	GlobalSection(ExtensibilityGlobals) = postSolution
		SolutionGuid = {1D1B2F61-3755-4BE7-919B-F0A9C4953B13}
	EndGlobalSection
EndGlobal
